
Microsoft Visual Studio Solution File, Format Version 12.00
# Visual Studio Version 17
VisualStudioVersion = 17.14.36414.22 d17.14
MinimumVisualStudioVersion = 10.0.40219.1
Project("{F184B08F-C81C-45F6-A57F-5ABD9991F28F}") = "AplikasiKRSKHS", "AplikasiKRSKHS\AplikasiKRSKHS.vbproj", "{BDB98E1D-9177-476A-BD80-3F35AA9CE2E9}"
EndProject
Global
	GlobalSection(SolutionConfigurationPlatforms) = preSolution
		Debug|Any CPU = Debug|Any CPU
		Release|Any CPU = Release|Any CPU
	EndGlobalSection
	GlobalSection(ProjectConfigurationPlatforms) = postSolution
		{BDB98E1D-9177-476A-BD80-3F35AA9CE2E9}.Debug|Any CPU.ActiveCfg = Debug|Any CPU
		{BDB98E1D-9177-476A-BD80-3F35AA9CE2E9}.Debug|Any CPU.Build.0 = Debug|Any CPU
		{BDB98E1D-9177-476A-BD80-3F35AA9CE2E9}.Release|Any CPU.ActiveCfg = Release|Any CPU
		{BDB98E1D-9177-476A-BD80-3F35AA9CE2E9}.Release|Any CPU.Build.0 = Release|Any CPU
	EndGlobalSection
	GlobalSection(SolutionProperties) = preSolution
		HideSolutionNode = FALSE
	EndGlobalSection
	GlobalSection(ExtensibilityGlobals) = postSolution
		SolutionGuid = {14EE254B-D59E-406D-B61C-1408B292346A}
	EndGlobalSection
EndGlobal
